// !$*UTF8*$!
{
	archiveVersion = 1;
	classes = {
	};
	objectVersion = 46;
	objects = {

/* Begin PBXBuildFile section */
		A6A388461941DEE900F75F27 /* Foundation.framework in Frameworks */ = {isa = PBXBuildFile; fileRef = A6A388451941DEE900F75F27 /* Foundation.framework */; };
		A6A388481941DEE900F75F27 /* CoreGraphics.framework in Frameworks */ = {isa = PBXBuildFile; fileRef = A6A388471941DEE900F75F27 /* CoreGraphics.framework */; };
		A6A3884A1941DEE900F75F27 /* UIKit.framework in Frameworks */ = {isa = PBXBuildFile; fileRef = A6A388491941DEE900F75F27 /* UIKit.framework */; };
		A6A388501941DEE900F75F27 /* InfoPlist.strings in Resources */ = {isa = PBXBuildFile; fileRef = A6A3884E1941DEE900F75F27 /* InfoPlist.strings */; };
		A6A388521941DEE900F75F27 /* main.m in Sources */ = {isa = PBXBuildFile; fileRef = A6A388511941DEE900F75F27 /* main.m */; };
		A6A388561941DEE900F75F27 /* AppDelegate.m in Sources */ = {isa = PBXBuildFile; fileRef = A6A388551941DEE900F75F27 /* AppDelegate.m */; };
		A6A388581941DEE900F75F27 /* Images.xcassets in Resources */ = {isa = PBXBuildFile; fileRef = A6A388571941DEE900F75F27 /* Images.xcassets */; };
		A6A3885F1941DEE900F75F27 /* XCTest.framework in Frameworks */ = {isa = PBXBuildFile; fileRef = A6A3885E1941DEE900F75F27 /* XCTest.framework */; };
		A6A388601941DEE900F75F27 /* Foundation.framework in Frameworks */ = {isa = PBXBuildFile; fileRef = A6A388451941DEE900F75F27 /* Foundation.framework */; };
		A6A388611941DEE900F75F27 /* UIKit.framework in Frameworks */ = {isa = PBXBuildFile; fileRef = A6A388491941DEE900F75F27 /* UIKit.framework */; };
		A6A388691941DEE900F75F27 /* InfoPlist.strings in Resources */ = {isa = PBXBuildFile; fileRef = A6A388671941DEE900F75F27 /* InfoPlist.strings */; };
		A6A3886B1941DEE900F75F27 /* enrouteTests.m in Sources */ = {isa = PBXBuildFile; fileRef = A6A3886A1941DEE900F75F27 /* enrouteTests.m */; };
		A6A388871944DEBC00F75F27 /* Group.m in Sources */ = {isa = PBXBuildFile; fileRef = A6A388861944DEBC00F75F27 /* Group.m */; };
		A6A3888A1944DF2000F75F27 /* DataObjectFactory.m in Sources */ = {isa = PBXBuildFile; fileRef = A6A388891944DF2000F75F27 /* DataObjectFactory.m */; };
		A6A3888D1944E21C00F75F27 /* AppModel.m in Sources */ = {isa = PBXBuildFile; fileRef = A6A3888C1944E21C00F75F27 /* AppModel.m */; };
		A6B577D619479E60003F55E5 /* DataParser.m in Sources */ = {isa = PBXBuildFile; fileRef = A6B577D519479E60003F55E5 /* DataParser.m */; };
		A6B577DA19479F70003F55E5 /* Challenge.m in Sources */ = {isa = PBXBuildFile; fileRef = A6B577D919479F70003F55E5 /* Challenge.m */; };
		A6B577DD19479F7A003F55E5 /* Location.m in Sources */ = {isa = PBXBuildFile; fileRef = A6B577DC19479F7A003F55E5 /* Location.m */; };
		A6B577E019479F83003F55E5 /* RushChallenge.m in Sources */ = {isa = PBXBuildFile; fileRef = A6B577DF19479F83003F55E5 /* RushChallenge.m */; };
		A6B577E61947A6CE003F55E5 /* LoadingViewController.m in Sources */ = {isa = PBXBuildFile; fileRef = A6B577E51947A6CE003F55E5 /* LoadingViewController.m */; };
		A6B577E91947A6DD003F55E5 /* LoadingView.m in Sources */ = {isa = PBXBuildFile; fileRef = A6B577E81947A6DD003F55E5 /* LoadingView.m */; };
		A6CBD3291947FE4700464F9B /* Helpers.m in Sources */ = {isa = PBXBuildFile; fileRef = A6CBD3281947FE4700464F9B /* Helpers.m */; };
		CA28C72A1945D9DE00B0806C /* NavigationController.m in Sources */ = {isa = PBXBuildFile; fileRef = CA28C7291945D9DE00B0806C /* NavigationController.m */; };
		CA28C72D1945D9F400B0806C /* NavigationBar.m in Sources */ = {isa = PBXBuildFile; fileRef = CA28C72C1945D9F400B0806C /* NavigationBar.m */; };
		CA28C7311945E63500B0806C /* MenuViewController.m in Sources */ = {isa = PBXBuildFile; fileRef = CA28C7301945E63500B0806C /* MenuViewController.m */; };
		CA28C7341945E64400B0806C /* MenuView.m in Sources */ = {isa = PBXBuildFile; fileRef = CA28C7331945E64400B0806C /* MenuView.m */; };
		CA50F63E1944BB5F00DD019E /* DroidSerif-Bold.ttf in Resources */ = {isa = PBXBuildFile; fileRef = CA50F63A1944BB5F00DD019E /* DroidSerif-Bold.ttf */; };
		CA50F63F1944BB5F00DD019E /* DroidSerif-BoldItalic.ttf in Resources */ = {isa = PBXBuildFile; fileRef = CA50F63B1944BB5F00DD019E /* DroidSerif-BoldItalic.ttf */; };
		CA50F6401944BB5F00DD019E /* DroidSerif-Italic.ttf in Resources */ = {isa = PBXBuildFile; fileRef = CA50F63C1944BB5F00DD019E /* DroidSerif-Italic.ttf */; };
		CA50F6411944BB5F00DD019E /* DroidSerif.ttf in Resources */ = {isa = PBXBuildFile; fileRef = CA50F63D1944BB5F00DD019E /* DroidSerif.ttf */; };
		CAA440B319431A710004CAB1 /* MainViewController.m in Sources */ = {isa = PBXBuildFile; fileRef = CAA440B219431A710004CAB1 /* MainViewController.m */; };
		CAA440B619431A7F0004CAB1 /* MainView.m in Sources */ = {isa = PBXBuildFile; fileRef = CAA440B519431A7F0004CAB1 /* MainView.m */; };
		CAA440BA19431B360004CAB1 /* LoginViewController.m in Sources */ = {isa = PBXBuildFile; fileRef = CAA440B919431B360004CAB1 /* LoginViewController.m */; };
		CAA440BD19431B460004CAB1 /* LoginView.m in Sources */ = {isa = PBXBuildFile; fileRef = CAA440BC19431B460004CAB1 /* LoginView.m */; };
		E3F9E18974FB48ABAA8330AC /* libPods.a in Frameworks */ = {isa = PBXBuildFile; fileRef = 92EEBB2A65A447719950E210 /* libPods.a */; };
/* End PBXBuildFile section */

/* Begin PBXContainerItemProxy section */
		A6A388621941DEE900F75F27 /* PBXContainerItemProxy */ = {
			isa = PBXContainerItemProxy;
			containerPortal = A6A3883A1941DEE900F75F27 /* Project object */;
			proxyType = 1;
			remoteGlobalIDString = A6A388411941DEE900F75F27;
			remoteInfo = enroute;
		};
/* End PBXContainerItemProxy section */

/* Begin PBXFileReference section */
		8DCE08460081439B82D5E023 /* Pods.xcconfig */ = {isa = PBXFileReference; includeInIndex = 1; lastKnownFileType = text.xcconfig; name = Pods.xcconfig; path = Pods/Pods.xcconfig; sourceTree = "<group>"; };
		92EEBB2A65A447719950E210 /* libPods.a */ = {isa = PBXFileReference; explicitFileType = archive.ar; includeInIndex = 0; path = libPods.a; sourceTree = BUILT_PRODUCTS_DIR; };
		A6A388421941DEE900F75F27 /* enroute.app */ = {isa = PBXFileReference; explicitFileType = wrapper.application; includeInIndex = 0; path = enroute.app; sourceTree = BUILT_PRODUCTS_DIR; };
		A6A388451941DEE900F75F27 /* Foundation.framework */ = {isa = PBXFileReference; lastKnownFileType = wrapper.framework; name = Foundation.framework; path = System/Library/Frameworks/Foundation.framework; sourceTree = SDKROOT; };
		A6A388471941DEE900F75F27 /* CoreGraphics.framework */ = {isa = PBXFileReference; lastKnownFileType = wrapper.framework; name = CoreGraphics.framework; path = System/Library/Frameworks/CoreGraphics.framework; sourceTree = SDKROOT; };
		A6A388491941DEE900F75F27 /* UIKit.framework */ = {isa = PBXFileReference; lastKnownFileType = wrapper.framework; name = UIKit.framework; path = System/Library/Frameworks/UIKit.framework; sourceTree = SDKROOT; };
		A6A3884D1941DEE900F75F27 /* enroute-Info.plist */ = {isa = PBXFileReference; lastKnownFileType = text.plist.xml; path = "enroute-Info.plist"; sourceTree = "<group>"; };
		A6A3884F1941DEE900F75F27 /* en */ = {isa = PBXFileReference; lastKnownFileType = text.plist.strings; name = en; path = en.lproj/InfoPlist.strings; sourceTree = "<group>"; };
		A6A388511941DEE900F75F27 /* main.m */ = {isa = PBXFileReference; lastKnownFileType = sourcecode.c.objc; path = main.m; sourceTree = "<group>"; };
		A6A388531941DEE900F75F27 /* enroute-Prefix.pch */ = {isa = PBXFileReference; lastKnownFileType = sourcecode.c.h; path = "enroute-Prefix.pch"; sourceTree = "<group>"; };
		A6A388541941DEE900F75F27 /* AppDelegate.h */ = {isa = PBXFileReference; lastKnownFileType = sourcecode.c.h; path = AppDelegate.h; sourceTree = "<group>"; };
		A6A388551941DEE900F75F27 /* AppDelegate.m */ = {isa = PBXFileReference; lastKnownFileType = sourcecode.c.objc; path = AppDelegate.m; sourceTree = "<group>"; };
		A6A388571941DEE900F75F27 /* Images.xcassets */ = {isa = PBXFileReference; lastKnownFileType = folder.assetcatalog; path = Images.xcassets; sourceTree = "<group>"; };
		A6A3885D1941DEE900F75F27 /* enrouteTests.xctest */ = {isa = PBXFileReference; explicitFileType = wrapper.cfbundle; includeInIndex = 0; path = enrouteTests.xctest; sourceTree = BUILT_PRODUCTS_DIR; };
		A6A3885E1941DEE900F75F27 /* XCTest.framework */ = {isa = PBXFileReference; lastKnownFileType = wrapper.framework; name = XCTest.framework; path = Library/Frameworks/XCTest.framework; sourceTree = DEVELOPER_DIR; };
		A6A388661941DEE900F75F27 /* enrouteTests-Info.plist */ = {isa = PBXFileReference; lastKnownFileType = text.plist.xml; path = "enrouteTests-Info.plist"; sourceTree = "<group>"; };
		A6A388681941DEE900F75F27 /* en */ = {isa = PBXFileReference; lastKnownFileType = text.plist.strings; name = en; path = en.lproj/InfoPlist.strings; sourceTree = "<group>"; };
		A6A3886A1941DEE900F75F27 /* enrouteTests.m */ = {isa = PBXFileReference; lastKnownFileType = sourcecode.c.objc; path = enrouteTests.m; sourceTree = "<group>"; };
		A6A388851944DEBC00F75F27 /* Group.h */ = {isa = PBXFileReference; fileEncoding = 4; lastKnownFileType = sourcecode.c.h; path = Group.h; sourceTree = "<group>"; };
		A6A388861944DEBC00F75F27 /* Group.m */ = {isa = PBXFileReference; fileEncoding = 4; lastKnownFileType = sourcecode.c.objc; path = Group.m; sourceTree = "<group>"; };
		A6A388881944DF2000F75F27 /* DataObjectFactory.h */ = {isa = PBXFileReference; fileEncoding = 4; lastKnownFileType = sourcecode.c.h; path = DataObjectFactory.h; sourceTree = "<group>"; };
		A6A388891944DF2000F75F27 /* DataObjectFactory.m */ = {isa = PBXFileReference; fileEncoding = 4; lastKnownFileType = sourcecode.c.objc; path = DataObjectFactory.m; sourceTree = "<group>"; };
		A6A3888B1944E21C00F75F27 /* AppModel.h */ = {isa = PBXFileReference; fileEncoding = 4; lastKnownFileType = sourcecode.c.h; path = AppModel.h; sourceTree = "<group>"; };
		A6A3888C1944E21C00F75F27 /* AppModel.m */ = {isa = PBXFileReference; fileEncoding = 4; lastKnownFileType = sourcecode.c.objc; path = AppModel.m; sourceTree = "<group>"; };
		A6B577D419479E60003F55E5 /* DataParser.h */ = {isa = PBXFileReference; fileEncoding = 4; lastKnownFileType = sourcecode.c.h; path = DataParser.h; sourceTree = "<group>"; };
		A6B577D519479E60003F55E5 /* DataParser.m */ = {isa = PBXFileReference; fileEncoding = 4; lastKnownFileType = sourcecode.c.objc; path = DataParser.m; sourceTree = "<group>"; };
		A6B577D819479F70003F55E5 /* Challenge.h */ = {isa = PBXFileReference; fileEncoding = 4; lastKnownFileType = sourcecode.c.h; path = Challenge.h; sourceTree = "<group>"; };
		A6B577D919479F70003F55E5 /* Challenge.m */ = {isa = PBXFileReference; fileEncoding = 4; lastKnownFileType = sourcecode.c.objc; path = Challenge.m; sourceTree = "<group>"; };
		A6B577DB19479F7A003F55E5 /* Location.h */ = {isa = PBXFileReference; fileEncoding = 4; lastKnownFileType = sourcecode.c.h; path = Location.h; sourceTree = "<group>"; };
		A6B577DC19479F7A003F55E5 /* Location.m */ = {isa = PBXFileReference; fileEncoding = 4; lastKnownFileType = sourcecode.c.objc; path = Location.m; sourceTree = "<group>"; };
		A6B577DE19479F83003F55E5 /* RushChallenge.h */ = {isa = PBXFileReference; fileEncoding = 4; lastKnownFileType = sourcecode.c.h; path = RushChallenge.h; sourceTree = "<group>"; };
		A6B577DF19479F83003F55E5 /* RushChallenge.m */ = {isa = PBXFileReference; fileEncoding = 4; lastKnownFileType = sourcecode.c.objc; path = RushChallenge.m; sourceTree = "<group>"; };
		A6B577E41947A6CE003F55E5 /* LoadingViewController.h */ = {isa = PBXFileReference; fileEncoding = 4; lastKnownFileType = sourcecode.c.h; path = LoadingViewController.h; sourceTree = "<group>"; };
		A6B577E51947A6CE003F55E5 /* LoadingViewController.m */ = {isa = PBXFileReference; fileEncoding = 4; lastKnownFileType = sourcecode.c.objc; path = LoadingViewController.m; sourceTree = "<group>"; };
		A6B577E71947A6DD003F55E5 /* LoadingView.h */ = {isa = PBXFileReference; fileEncoding = 4; lastKnownFileType = sourcecode.c.h; path = LoadingView.h; sourceTree = "<group>"; };
		A6B577E81947A6DD003F55E5 /* LoadingView.m */ = {isa = PBXFileReference; fileEncoding = 4; lastKnownFileType = sourcecode.c.objc; path = LoadingView.m; sourceTree = "<group>"; };
		A6CBD3271947FE4700464F9B /* Helpers.h */ = {isa = PBXFileReference; fileEncoding = 4; lastKnownFileType = sourcecode.c.h; path = Helpers.h; sourceTree = "<group>"; };
		A6CBD3281947FE4700464F9B /* Helpers.m */ = {isa = PBXFileReference; fileEncoding = 4; lastKnownFileType = sourcecode.c.objc; path = Helpers.m; sourceTree = "<group>"; };
		CA28C7281945D9DE00B0806C /* NavigationController.h */ = {isa = PBXFileReference; fileEncoding = 4; lastKnownFileType = sourcecode.c.h; path = NavigationController.h; sourceTree = "<group>"; };
		CA28C7291945D9DE00B0806C /* NavigationController.m */ = {isa = PBXFileReference; fileEncoding = 4; lastKnownFileType = sourcecode.c.objc; path = NavigationController.m; sourceTree = "<group>"; };
		CA28C72B1945D9F400B0806C /* NavigationBar.h */ = {isa = PBXFileReference; fileEncoding = 4; lastKnownFileType = sourcecode.c.h; path = NavigationBar.h; sourceTree = "<group>"; };
		CA28C72C1945D9F400B0806C /* NavigationBar.m */ = {isa = PBXFileReference; fileEncoding = 4; lastKnownFileType = sourcecode.c.objc; path = NavigationBar.m; sourceTree = "<group>"; };
		CA28C72F1945E63500B0806C /* MenuViewController.h */ = {isa = PBXFileReference; fileEncoding = 4; lastKnownFileType = sourcecode.c.h; path = MenuViewController.h; sourceTree = "<group>"; };
		CA28C7301945E63500B0806C /* MenuViewController.m */ = {isa = PBXFileReference; fileEncoding = 4; lastKnownFileType = sourcecode.c.objc; path = MenuViewController.m; sourceTree = "<group>"; };
		CA28C7321945E64400B0806C /* MenuView.h */ = {isa = PBXFileReference; fileEncoding = 4; lastKnownFileType = sourcecode.c.h; path = MenuView.h; sourceTree = "<group>"; };
		CA28C7331945E64400B0806C /* MenuView.m */ = {isa = PBXFileReference; fileEncoding = 4; lastKnownFileType = sourcecode.c.objc; path = MenuView.m; sourceTree = "<group>"; };
		CA50F63A1944BB5F00DD019E /* DroidSerif-Bold.ttf */ = {isa = PBXFileReference; lastKnownFileType = file; path = "DroidSerif-Bold.ttf"; sourceTree = "<group>"; };
		CA50F63B1944BB5F00DD019E /* DroidSerif-BoldItalic.ttf */ = {isa = PBXFileReference; lastKnownFileType = file; path = "DroidSerif-BoldItalic.ttf"; sourceTree = "<group>"; };
		CA50F63C1944BB5F00DD019E /* DroidSerif-Italic.ttf */ = {isa = PBXFileReference; lastKnownFileType = file; path = "DroidSerif-Italic.ttf"; sourceTree = "<group>"; };
		CA50F63D1944BB5F00DD019E /* DroidSerif.ttf */ = {isa = PBXFileReference; lastKnownFileType = file; path = DroidSerif.ttf; sourceTree = "<group>"; };
		CAA440B119431A710004CAB1 /* MainViewController.h */ = {isa = PBXFileReference; fileEncoding = 4; lastKnownFileType = sourcecode.c.h; path = MainViewController.h; sourceTree = "<group>"; };
		CAA440B219431A710004CAB1 /* MainViewController.m */ = {isa = PBXFileReference; fileEncoding = 4; lastKnownFileType = sourcecode.c.objc; path = MainViewController.m; sourceTree = "<group>"; };
		CAA440B419431A7F0004CAB1 /* MainView.h */ = {isa = PBXFileReference; fileEncoding = 4; lastKnownFileType = sourcecode.c.h; path = MainView.h; sourceTree = "<group>"; };
		CAA440B519431A7F0004CAB1 /* MainView.m */ = {isa = PBXFileReference; fileEncoding = 4; lastKnownFileType = sourcecode.c.objc; path = MainView.m; sourceTree = "<group>"; };
		CAA440B819431B360004CAB1 /* LoginViewController.h */ = {isa = PBXFileReference; fileEncoding = 4; lastKnownFileType = sourcecode.c.h; path = LoginViewController.h; sourceTree = "<group>"; };
		CAA440B919431B360004CAB1 /* LoginViewController.m */ = {isa = PBXFileReference; fileEncoding = 4; lastKnownFileType = sourcecode.c.objc; path = LoginViewController.m; sourceTree = "<group>"; };
		CAA440BB19431B460004CAB1 /* LoginView.h */ = {isa = PBXFileReference; fileEncoding = 4; lastKnownFileType = sourcecode.c.h; path = LoginView.h; sourceTree = "<group>"; };
		CAA440BC19431B460004CAB1 /* LoginView.m */ = {isa = PBXFileReference; fileEncoding = 4; lastKnownFileType = sourcecode.c.objc; path = LoginView.m; sourceTree = "<group>"; };
/* End PBXFileReference section */

/* Begin PBXFrameworksBuildPhase section */
		A6A3883F1941DEE900F75F27 /* Frameworks */ = {
			isa = PBXFrameworksBuildPhase;
			buildActionMask = 2147483647;
			files = (
				A6A388481941DEE900F75F27 /* CoreGraphics.framework in Frameworks */,
				A6A3884A1941DEE900F75F27 /* UIKit.framework in Frameworks */,
				A6A388461941DEE900F75F27 /* Foundation.framework in Frameworks */,
				E3F9E18974FB48ABAA8330AC /* libPods.a in Frameworks */,
			);
			runOnlyForDeploymentPostprocessing = 0;
		};
		A6A3885A1941DEE900F75F27 /* Frameworks */ = {
			isa = PBXFrameworksBuildPhase;
			buildActionMask = 2147483647;
			files = (
				A6A3885F1941DEE900F75F27 /* XCTest.framework in Frameworks */,
				A6A388611941DEE900F75F27 /* UIKit.framework in Frameworks */,
				A6A388601941DEE900F75F27 /* Foundation.framework in Frameworks */,
			);
			runOnlyForDeploymentPostprocessing = 0;
		};
/* End PBXFrameworksBuildPhase section */

/* Begin PBXGroup section */
		A6A388391941DEE900F75F27 = {
			isa = PBXGroup;
			children = (
				CA50F63A1944BB5F00DD019E /* DroidSerif-Bold.ttf */,
				CA50F63B1944BB5F00DD019E /* DroidSerif-BoldItalic.ttf */,
				CA50F63C1944BB5F00DD019E /* DroidSerif-Italic.ttf */,
				CA50F63D1944BB5F00DD019E /* DroidSerif.ttf */,
				A6A3884B1941DEE900F75F27 /* enroute */,
				A6A388641941DEE900F75F27 /* enrouteTests */,
				A6A388441941DEE900F75F27 /* Frameworks */,
				A6A388431941DEE900F75F27 /* Products */,
				8DCE08460081439B82D5E023 /* Pods.xcconfig */,
			);
			sourceTree = "<group>";
		};
		A6A388431941DEE900F75F27 /* Products */ = {
			isa = PBXGroup;
			children = (
				A6A388421941DEE900F75F27 /* enroute.app */,
				A6A3885D1941DEE900F75F27 /* enrouteTests.xctest */,
			);
			name = Products;
			sourceTree = "<group>";
		};
		A6A388441941DEE900F75F27 /* Frameworks */ = {
			isa = PBXGroup;
			children = (
				A6A388451941DEE900F75F27 /* Foundation.framework */,
				A6A388471941DEE900F75F27 /* CoreGraphics.framework */,
				A6A388491941DEE900F75F27 /* UIKit.framework */,
				A6A3885E1941DEE900F75F27 /* XCTest.framework */,
				92EEBB2A65A447719950E210 /* libPods.a */,
			);
			name = Frameworks;
			sourceTree = "<group>";
		};
		A6A3884B1941DEE900F75F27 /* enroute */ = {
			isa = PBXGroup;
			children = (
				A6A388541941DEE900F75F27 /* AppDelegate.h */,
				A6A388551941DEE900F75F27 /* AppDelegate.m */,
				A6A388841944DE9900F75F27 /* Data */,
				CA28C7271945D99400B0806C /* Navigation */,
				CA28C72E1945E61F00B0806C /* Menu */,
				A6B577EA1947A7C1003F55E5 /* Loading */,
				A6A388831944DE7F00F75F27 /* Login/Register */,
				CAA440B019431A600004CAB1 /* Main */,
				A6A388571941DEE900F75F27 /* Images.xcassets */,
				A6A3884C1941DEE900F75F27 /* Supporting Files */,
			);
			path = enroute;
			sourceTree = "<group>";
		};
		A6A3884C1941DEE900F75F27 /* Supporting Files */ = {
			isa = PBXGroup;
			children = (
				A6A3884D1941DEE900F75F27 /* enroute-Info.plist */,
				A6A3884E1941DEE900F75F27 /* InfoPlist.strings */,
				A6A388511941DEE900F75F27 /* main.m */,
				A6A388531941DEE900F75F27 /* enroute-Prefix.pch */,
			);
			name = "Supporting Files";
			sourceTree = "<group>";
		};
		A6A388641941DEE900F75F27 /* enrouteTests */ = {
			isa = PBXGroup;
			children = (
				A6A3886A1941DEE900F75F27 /* enrouteTests.m */,
				A6A388651941DEE900F75F27 /* Supporting Files */,
			);
			path = enrouteTests;
			sourceTree = "<group>";
		};
		A6A388651941DEE900F75F27 /* Supporting Files */ = {
			isa = PBXGroup;
			children = (
				A6A388661941DEE900F75F27 /* enrouteTests-Info.plist */,
				A6A388671941DEE900F75F27 /* InfoPlist.strings */,
			);
			name = "Supporting Files";
			sourceTree = "<group>";
		};
		A6A388831944DE7F00F75F27 /* Login/Register */ = {
			isa = PBXGroup;
			children = (
				CAA440B819431B360004CAB1 /* LoginViewController.h */,
				CAA440B919431B360004CAB1 /* LoginViewController.m */,
				CAA440BB19431B460004CAB1 /* LoginView.h */,
				CAA440BC19431B460004CAB1 /* LoginView.m */,
			);
			name = Login/Register;
			sourceTree = "<group>";
		};
		A6A388841944DE9900F75F27 /* Data */ = {
			isa = PBXGroup;
			children = (
				A6A3888B1944E21C00F75F27 /* AppModel.h */,
				A6A3888C1944E21C00F75F27 /* AppModel.m */,
				A6B577D419479E60003F55E5 /* DataParser.h */,
				A6B577D519479E60003F55E5 /* DataParser.m */,
				A6A388881944DF2000F75F27 /* DataObjectFactory.h */,
				A6A388891944DF2000F75F27 /* DataObjectFactory.m */,
				A6CBD3271947FE4700464F9B /* Helpers.h */,
				A6CBD3281947FE4700464F9B /* Helpers.m */,
				A6A3888E1944E22D00F75F27 /* DataObjects */,
			);
			name = Data;
			sourceTree = "<group>";
		};
		A6A3888E1944E22D00F75F27 /* DataObjects */ = {
			isa = PBXGroup;
			children = (
				A6A388851944DEBC00F75F27 /* Group.h */,
				A6A388861944DEBC00F75F27 /* Group.m */,
				A6B577D819479F70003F55E5 /* Challenge.h */,
				A6B577D919479F70003F55E5 /* Challenge.m */,
				A6B577DB19479F7A003F55E5 /* Location.h */,
				A6B577DC19479F7A003F55E5 /* Location.m */,
				A6B577DE19479F83003F55E5 /* RushChallenge.h */,
				A6B577DF19479F83003F55E5 /* RushChallenge.m */,
			);
			name = DataObjects;
			sourceTree = "<group>";
		};
		A6B577EA1947A7C1003F55E5 /* Loading */ = {
			isa = PBXGroup;
			children = (
				A6B577E41947A6CE003F55E5 /* LoadingViewController.h */,
				A6B577E51947A6CE003F55E5 /* LoadingViewController.m */,
				A6B577E71947A6DD003F55E5 /* LoadingView.h */,
				A6B577E81947A6DD003F55E5 /* LoadingView.m */,
			);
			name = Loading;
			sourceTree = "<group>";
		};
		CA28C7271945D99400B0806C /* Navigation */ = {
			isa = PBXGroup;
			children = (
				CA28C7281945D9DE00B0806C /* NavigationController.h */,
				CA28C7291945D9DE00B0806C /* NavigationController.m */,
				CA28C72B1945D9F400B0806C /* NavigationBar.h */,
				CA28C72C1945D9F400B0806C /* NavigationBar.m */,
			);
			name = Navigation;
			sourceTree = "<group>";
		};
		CA28C72E1945E61F00B0806C /* Menu */ = {
			isa = PBXGroup;
			children = (
				CA28C72F1945E63500B0806C /* MenuViewController.h */,
				CA28C7301945E63500B0806C /* MenuViewController.m */,
				CA28C7321945E64400B0806C /* MenuView.h */,
				CA28C7331945E64400B0806C /* MenuView.m */,
			);
			name = Menu;
			sourceTree = "<group>";
		};
		CAA440B019431A600004CAB1 /* Main */ = {
			isa = PBXGroup;
			children = (
				CAA440B119431A710004CAB1 /* MainViewController.h */,
				CAA440B219431A710004CAB1 /* MainViewController.m */,
				CAA440B419431A7F0004CAB1 /* MainView.h */,
				CAA440B519431A7F0004CAB1 /* MainView.m */,
			);
			name = Main;
			sourceTree = "<group>";
		};
/* End PBXGroup section */

/* Begin PBXNativeTarget section */
		A6A388411941DEE900F75F27 /* enroute */ = {
			isa = PBXNativeTarget;
			buildConfigurationList = A6A3886E1941DEE900F75F27 /* Build configuration list for PBXNativeTarget "enroute" */;
			buildPhases = (
				5519758D6E2F46DFB7420931 /* Check Pods Manifest.lock */,
				A6A3883E1941DEE900F75F27 /* Sources */,
				A6A3883F1941DEE900F75F27 /* Frameworks */,
				A6A388401941DEE900F75F27 /* Resources */,
				0329B1E971F1450C90B0273A /* Copy Pods Resources */,
			);
			buildRules = (
			);
			dependencies = (
			);
			name = enroute;
			productName = enroute;
			productReference = A6A388421941DEE900F75F27 /* enroute.app */;
			productType = "com.apple.product-type.application";
		};
		A6A3885C1941DEE900F75F27 /* enrouteTests */ = {
			isa = PBXNativeTarget;
			buildConfigurationList = A6A388711941DEE900F75F27 /* Build configuration list for PBXNativeTarget "enrouteTests" */;
			buildPhases = (
				A6A388591941DEE900F75F27 /* Sources */,
				A6A3885A1941DEE900F75F27 /* Frameworks */,
				A6A3885B1941DEE900F75F27 /* Resources */,
			);
			buildRules = (
			);
			dependencies = (
				A6A388631941DEE900F75F27 /* PBXTargetDependency */,
			);
			name = enrouteTests;
			productName = enrouteTests;
			productReference = A6A3885D1941DEE900F75F27 /* enrouteTests.xctest */;
			productType = "com.apple.product-type.bundle.unit-test";
		};
/* End PBXNativeTarget section */

/* Begin PBXProject section */
		A6A3883A1941DEE900F75F27 /* Project object */ = {
			isa = PBXProject;
			attributes = {
				LastUpgradeCheck = 0510;
				ORGANIZATIONNAME = "Annelies Clauwaert";
				TargetAttributes = {
					A6A388411941DEE900F75F27 = {
						DevelopmentTeam = 9RZW73LTB7;
					};
					A6A3885C1941DEE900F75F27 = {
						TestTargetID = A6A388411941DEE900F75F27;
					};
				};
			};
			buildConfigurationList = A6A3883D1941DEE900F75F27 /* Build configuration list for PBXProject "enroute" */;
			compatibilityVersion = "Xcode 3.2";
			developmentRegion = English;
			hasScannedForEncodings = 0;
			knownRegions = (
				en,
			);
			mainGroup = A6A388391941DEE900F75F27;
			productRefGroup = A6A388431941DEE900F75F27 /* Products */;
			projectDirPath = "";
			projectRoot = "";
			targets = (
				A6A388411941DEE900F75F27 /* enroute */,
				A6A3885C1941DEE900F75F27 /* enrouteTests */,
			);
		};
/* End PBXProject section */

/* Begin PBXResourcesBuildPhase section */
		A6A388401941DEE900F75F27 /* Resources */ = {
			isa = PBXResourcesBuildPhase;
			buildActionMask = 2147483647;
			files = (
				CA50F63F1944BB5F00DD019E /* DroidSerif-BoldItalic.ttf in Resources */,
				CA50F63E1944BB5F00DD019E /* DroidSerif-Bold.ttf in Resources */,
				A6A388501941DEE900F75F27 /* InfoPlist.strings in Resources */,
				A6A388581941DEE900F75F27 /* Images.xcassets in Resources */,
				CA50F6401944BB5F00DD019E /* DroidSerif-Italic.ttf in Resources */,
				CA50F6411944BB5F00DD019E /* DroidSerif.ttf in Resources */,
			);
			runOnlyForDeploymentPostprocessing = 0;
		};
		A6A3885B1941DEE900F75F27 /* Resources */ = {
			isa = PBXResourcesBuildPhase;
			buildActionMask = 2147483647;
			files = (
				A6A388691941DEE900F75F27 /* InfoPlist.strings in Resources */,
			);
			runOnlyForDeploymentPostprocessing = 0;
		};
/* End PBXResourcesBuildPhase section */

/* Begin PBXShellScriptBuildPhase section */
		0329B1E971F1450C90B0273A /* Copy Pods Resources */ = {
			isa = PBXShellScriptBuildPhase;
			buildActionMask = 2147483647;
			files = (
			);
			inputPaths = (
			);
			name = "Copy Pods Resources";
			outputPaths = (
			);
			runOnlyForDeploymentPostprocessing = 0;
			shellPath = /bin/sh;
			shellScript = "\"${SRCROOT}/Pods/Pods-resources.sh\"\n";
			showEnvVarsInLog = 0;
		};
		5519758D6E2F46DFB7420931 /* Check Pods Manifest.lock */ = {
			isa = PBXShellScriptBuildPhase;
			buildActionMask = 2147483647;
			files = (
			);
			inputPaths = (
			);
			name = "Check Pods Manifest.lock";
			outputPaths = (
			);
			runOnlyForDeploymentPostprocessing = 0;
			shellPath = /bin/sh;
			shellScript = "diff \"${PODS_ROOT}/../Podfile.lock\" \"${PODS_ROOT}/Manifest.lock\" > /dev/null\nif [[ $? != 0 ]] ; then\n    cat << EOM\nerror: The sandbox is not in sync with the Podfile.lock. Run 'pod install' or update your CocoaPods installation.\nEOM\n    exit 1\nfi\n";
			showEnvVarsInLog = 0;
		};
/* End PBXShellScriptBuildPhase section */

/* Begin PBXSourcesBuildPhase section */
		A6A3883E1941DEE900F75F27 /* Sources */ = {
			isa = PBXSourcesBuildPhase;
			buildActionMask = 2147483647;
			files = (
				CAA440BD19431B460004CAB1 /* LoginView.m in Sources */,
				A6B577E91947A6DD003F55E5 /* LoadingView.m in Sources */,
				A6B577E019479F83003F55E5 /* RushChallenge.m in Sources */,
				A6A388561941DEE900F75F27 /* AppDelegate.m in Sources */,
				A6A388871944DEBC00F75F27 /* Group.m in Sources */,
				CAA440B619431A7F0004CAB1 /* MainView.m in Sources */,
				A6A3888D1944E21C00F75F27 /* AppModel.m in Sources */,
				A6B577E61947A6CE003F55E5 /* LoadingViewController.m in Sources */,
				CAA440B319431A710004CAB1 /* MainViewController.m in Sources */,
				A6B577DA19479F70003F55E5 /* Challenge.m in Sources */,
				A6A388521941DEE900F75F27 /* main.m in Sources */,
				CA28C7311945E63500B0806C /* MenuViewController.m in Sources */,
				CA28C72A1945D9DE00B0806C /* NavigationController.m in Sources */,
				CAA440BA19431B360004CAB1 /* LoginViewController.m in Sources */,
				A6B577D619479E60003F55E5 /* DataParser.m in Sources */,
				CA28C7341945E64400B0806C /* MenuView.m in Sources */,
				CA28C72D1945D9F400B0806C /* NavigationBar.m in Sources */,
				A6CBD3291947FE4700464F9B /* Helpers.m in Sources */,
				A6B577DD19479F7A003F55E5 /* Location.m in Sources */,
				A6A3888A1944DF2000F75F27 /* DataObjectFactory.m in Sources */,
			);
			runOnlyForDeploymentPostprocessing = 0;
		};
		A6A388591941DEE900F75F27 /* Sources */ = {
			isa = PBXSourcesBuildPhase;
			buildActionMask = 2147483647;
			files = (
				A6A3886B1941DEE900F75F27 /* enrouteTests.m in Sources */,
			);
			runOnlyForDeploymentPostprocessing = 0;
		};
/* End PBXSourcesBuildPhase section */

/* Begin PBXTargetDependency section */
		A6A388631941DEE900F75F27 /* PBXTargetDependency */ = {
			isa = PBXTargetDependency;
			target = A6A388411941DEE900F75F27 /* enroute */;
			targetProxy = A6A388621941DEE900F75F27 /* PBXContainerItemProxy */;
		};
/* End PBXTargetDependency section */

/* Begin PBXVariantGroup section */
		A6A3884E1941DEE900F75F27 /* InfoPlist.strings */ = {
			isa = PBXVariantGroup;
			children = (
				A6A3884F1941DEE900F75F27 /* en */,
			);
			name = InfoPlist.strings;
			sourceTree = "<group>";
		};
		A6A388671941DEE900F75F27 /* InfoPlist.strings */ = {
			isa = PBXVariantGroup;
			children = (
				A6A388681941DEE900F75F27 /* en */,
			);
			name = InfoPlist.strings;
			sourceTree = "<group>";
		};
/* End PBXVariantGroup section */

/* Begin XCBuildConfiguration section */
		A6A3886C1941DEE900F75F27 /* Debug */ = {
			isa = XCBuildConfiguration;
			buildSettings = {
				ALWAYS_SEARCH_USER_PATHS = NO;
				CLANG_CXX_LANGUAGE_STANDARD = "gnu++0x";
				CLANG_CXX_LIBRARY = "libc++";
				CLANG_ENABLE_MODULES = YES;
				CLANG_ENABLE_OBJC_ARC = YES;
				CLANG_WARN_BOOL_CONVERSION = YES;
				CLANG_WARN_CONSTANT_CONVERSION = YES;
				CLANG_WARN_DIRECT_OBJC_ISA_USAGE = YES_ERROR;
				CLANG_WARN_EMPTY_BODY = YES;
				CLANG_WARN_ENUM_CONVERSION = YES;
				CLANG_WARN_INT_CONVERSION = YES;
				CLANG_WARN_OBJC_ROOT_CLASS = YES_ERROR;
				CLANG_WARN__DUPLICATE_METHOD_MATCH = YES;
				"CODE_SIGN_IDENTITY[sdk=iphoneos*]" = "iPhone Developer";
				COPY_PHASE_STRIP = NO;
				GCC_C_LANGUAGE_STANDARD = gnu99;
				GCC_DYNAMIC_NO_PIC = NO;
				GCC_OPTIMIZATION_LEVEL = 0;
				GCC_PREPROCESSOR_DEFINITIONS = (
					"DEBUG=1",
					"$(inherited)",
				);
				GCC_SYMBOLS_PRIVATE_EXTERN = NO;
				GCC_WARN_64_TO_32_BIT_CONVERSION = YES;
				GCC_WARN_ABOUT_RETURN_TYPE = YES_ERROR;
				GCC_WARN_UNDECLARED_SELECTOR = YES;
				GCC_WARN_UNINITIALIZED_AUTOS = YES_AGGRESSIVE;
				GCC_WARN_UNUSED_FUNCTION = YES;
				GCC_WARN_UNUSED_VARIABLE = YES;
				IPHONEOS_DEPLOYMENT_TARGET = 7.1;
				ONLY_ACTIVE_ARCH = YES;
				SDKROOT = iphoneos;
				TARGETED_DEVICE_FAMILY = "1,2";
			};
			name = Debug;
		};
		A6A3886D1941DEE900F75F27 /* Release */ = {
			isa = XCBuildConfiguration;
			buildSettings = {
				ALWAYS_SEARCH_USER_PATHS = NO;
				CLANG_CXX_LANGUAGE_STANDARD = "gnu++0x";
				CLANG_CXX_LIBRARY = "libc++";
				CLANG_ENABLE_MODULES = YES;
				CLANG_ENABLE_OBJC_ARC = YES;
				CLANG_WARN_BOOL_CONVERSION = YES;
				CLANG_WARN_CONSTANT_CONVERSION = YES;
				CLANG_WARN_DIRECT_OBJC_ISA_USAGE = YES_ERROR;
				CLANG_WARN_EMPTY_BODY = YES;
				CLANG_WARN_ENUM_CONVERSION = YES;
				CLANG_WARN_INT_CONVERSION = YES;
				CLANG_WARN_OBJC_ROOT_CLASS = YES_ERROR;
				CLANG_WARN__DUPLICATE_METHOD_MATCH = YES;
				"CODE_SIGN_IDENTITY[sdk=iphoneos*]" = "iPhone Developer";
				COPY_PHASE_STRIP = YES;
				ENABLE_NS_ASSERTIONS = NO;
				GCC_C_LANGUAGE_STANDARD = gnu99;
				GCC_WARN_64_TO_32_BIT_CONVERSION = YES;
				GCC_WARN_ABOUT_RETURN_TYPE = YES_ERROR;
				GCC_WARN_UNDECLARED_SELECTOR = YES;
				GCC_WARN_UNINITIALIZED_AUTOS = YES_AGGRESSIVE;
				GCC_WARN_UNUSED_FUNCTION = YES;
				GCC_WARN_UNUSED_VARIABLE = YES;
				IPHONEOS_DEPLOYMENT_TARGET = 7.1;
				SDKROOT = iphoneos;
				TARGETED_DEVICE_FAMILY = "1,2";
				VALIDATE_PRODUCT = YES;
			};
			name = Release;
		};
		A6A3886F1941DEE900F75F27 /* Debug */ = {
			isa = XCBuildConfiguration;
			baseConfigurationReference = 8DCE08460081439B82D5E023 /* Pods.xcconfig */;
			buildSettings = {
				ASSETCATALOG_COMPILER_APPICON_NAME = AppIcon;
				ASSETCATALOG_COMPILER_LAUNCHIMAGE_NAME = LaunchImage;
				CODE_SIGN_IDENTITY = "iPhone Developer";
				"CODE_SIGN_IDENTITY[sdk=iphoneos*]" = "iPhone Developer";
				GCC_PRECOMPILE_PREFIX_HEADER = YES;
				GCC_PREFIX_HEADER = "enroute/enroute-Prefix.pch";
				INFOPLIST_FILE = "enroute/enroute-Info.plist";
				PRODUCT_NAME = "$(TARGET_NAME)";
				PROVISIONING_PROFILE = "";
				TARGETED_DEVICE_FAMILY = 1;
				WRAPPER_EXTENSION = app;
			};
			name = Debug;
		};
		A6A388701941DEE900F75F27 /* Release */ = {
			isa = XCBuildConfiguration;
			baseConfigurationReference = 8DCE08460081439B82D5E023 /* Pods.xcconfig */;
			buildSettings = {
				ASSETCATALOG_COMPILER_APPICON_NAME = AppIcon;
				ASSETCATALOG_COMPILER_LAUNCHIMAGE_NAME = LaunchImage;
				CODE_SIGN_IDENTITY = "iPhone Developer";
				"CODE_SIGN_IDENTITY[sdk=iphoneos*]" = "iPhone Developer";
				GCC_PRECOMPILE_PREFIX_HEADER = YES;
				GCC_PREFIX_HEADER = "enroute/enroute-Prefix.pch";
				INFOPLIST_FILE = "enroute/enroute-Info.plist";
				PRODUCT_NAME = "$(TARGET_NAME)";
				PROVISIONING_PROFILE = "";
				TARGETED_DEVICE_FAMILY = 1;
				WRAPPER_EXTENSION = app;
			};
			name = Release;
		};
		A6A388721941DEE900F75F27 /* Debug */ = {
			isa = XCBuildConfiguration;
			buildSettings = {
				BUNDLE_LOADER = "$(BUILT_PRODUCTS_DIR)/enroute.app/enroute";
				FRAMEWORK_SEARCH_PATHS = (
					"$(SDKROOT)/Developer/Library/Frameworks",
					"$(inherited)",
					"$(DEVELOPER_FRAMEWORKS_DIR)",
				);
				GCC_PRECOMPILE_PREFIX_HEADER = YES;
				GCC_PREFIX_HEADER = "enroute/enroute-Prefix.pch";
				GCC_PREPROCESSOR_DEFINITIONS = (
					"DEBUG=1",
					"$(inherited)",
				);
				INFOPLIST_FILE = "enrouteTests/enrouteTests-Info.plist";
				PRODUCT_NAME = "$(TARGET_NAME)";
				TEST_HOST = "$(BUNDLE_LOADER)";
				WRAPPER_EXTENSION = xctest;
			};
			name = Debug;
		};
		A6A388731941DEE900F75F27 /* Release */ = {
			isa = XCBuildConfiguration;
			buildSettings = {
				BUNDLE_LOADER = "$(BUILT_PRODUCTS_DIR)/enroute.app/enroute";
				FRAMEWORK_SEARCH_PATHS = (
					"$(SDKROOT)/Developer/Library/Frameworks",
					"$(inherited)",
					"$(DEVELOPER_FRAMEWORKS_DIR)",
				);
				GCC_PRECOMPILE_PREFIX_HEADER = YES;
				GCC_PREFIX_HEADER = "enroute/enroute-Prefix.pch";
				INFOPLIST_FILE = "enrouteTests/enrouteTests-Info.plist";
				PRODUCT_NAME = "$(TARGET_NAME)";
				TEST_HOST = "$(BUNDLE_LOADER)";
				WRAPPER_EXTENSION = xctest;
			};
			name = Release;
		};
/* End XCBuildConfiguration section */

/* Begin XCConfigurationList section */
		A6A3883D1941DEE900F75F27 /* Build configuration list for PBXProject "enroute" */ = {
			isa = XCConfigurationList;
			buildConfigurations = (
				A6A3886C1941DEE900F75F27 /* Debug */,
				A6A3886D1941DEE900F75F27 /* Release */,
			);
			defaultConfigurationIsVisible = 0;
			defaultConfigurationName = Release;
		};
		A6A3886E1941DEE900F75F27 /* Build configuration list for PBXNativeTarget "enroute" */ = {
			isa = XCConfigurationList;
			buildConfigurations = (
				A6A3886F1941DEE900F75F27 /* Debug */,
				A6A388701941DEE900F75F27 /* Release */,
			);
			defaultConfigurationIsVisible = 0;
			defaultConfigurationName = Release;
		};
		A6A388711941DEE900F75F27 /* Build configuration list for PBXNativeTarget "enrouteTests" */ = {
			isa = XCConfigurationList;
			buildConfigurations = (
				A6A388721941DEE900F75F27 /* Debug */,
				A6A388731941DEE900F75F27 /* Release */,
			);
			defaultConfigurationIsVisible = 0;
			defaultConfigurationName = Release;
		};
/* End XCConfigurationList section */
	};
	rootObject = A6A3883A1941DEE900F75F27 /* Project object */;
}
